Microsoft Visual Studio Solution File, Format Version 12.00
# Visual Studio Version 17.0
#
# xmake version 2.8.9+master.1ba52ff1c
#
#   This file is auto generated by xmake.
#
#   Please DO NOT EDIT since all your modification will lost after re-generation.
#   See https://github.com/xmake-io/xmake/pull/472 for more infomation.
#
VisualStudioVersion = 17.0
MinimumVisualStudioVersion = 10.0.40219.1
Project("{8BC9CEB8-8B4A-11D0-8D11-00A0C91BC942}") = "treklair", "treklair\treklair.vcxproj", "{76BCF0F7-AB1C-4302-9F55-E9D428AF8BC0}"
EndProject


Project("{2150E333-8FDC-42A3-9474-1A3956D46DE8}") = "Properties", "Properties", "{007754BD-BB1F-452F-A0D8-13EF216C5ED9}"
	ProjectSection(SolutionItems) = preProject
		Xmake.Custom.props = Xmake.Custom.props
		Xmake.Custom.targets = Xmake.Custom.targets
		..\xmake.lua = ..\xmake.lua
	EndProjectSection
EndProject
Global
	GlobalSection(SolutionConfigurationPlatforms) = preSolution
		release|x64 = release|x64
		debug|x64 = debug|x64
	EndGlobalSection
	GlobalSection(ProjectConfigurationPlatforms) = postSolution
		{76BCF0F7-AB1C-4302-9F55-E9D428AF8BC0}.release|x64.ActiveCfg = release|x64
		{76BCF0F7-AB1C-4302-9F55-E9D428AF8BC0}.release|x64.Build.0 = release|x64
		{76BCF0F7-AB1C-4302-9F55-E9D428AF8BC0}.debug|x64.ActiveCfg = debug|x64
		{76BCF0F7-AB1C-4302-9F55-E9D428AF8BC0}.debug|x64.Build.0 = debug|x64
	EndGlobalSection
	GlobalSection(SolutionProperties) = preSolution
		HideSolutionNode = FALSE
	EndGlobalSection
	GlobalSection(NestedProjects) = preSolution
	EndGlobalSection
	GlobalSection(ExtensibilityGlobals) = postSolution
		SolutionGuid = {7849FC2B-6095-4031-9970-3D86C81A8C79}
	EndGlobalSection
EndGlobal
